
Microsoft Visual Studio Solution File, Format Version 12.00
# Visual Studio 15
VisualStudioVersion = 15.0.27130.2010
MinimumVisualStudioVersion = 10.0.40219.1
Project("{FAE04EC0-301F-11D3-BF4B-00C04F79EFBC}") = "Faculty", "Faculty\Faculty.csproj", "{D81BDB8D-703B-468F-9B34-CAC202BB4CBF}"
EndProject
Project("{FAE04EC0-301F-11D3-BF4B-00C04F79EFBC}") = "Faculty.DAL", "Faculty.DAL\Faculty.DAL.csproj", "{B18393CA-E039-4CEC-9996-9225CF67951C}"
EndProject
Project("{FAE04EC0-301F-11D3-BF4B-00C04F79EFBC}") = "Faculty.BLL", "Faculty.BLL\Faculty.BLL.csproj", "{E1D7FE45-BAB2-4BC2-AEE7-86BD98C39208}"
EndProject
Project("{FAE04EC0-301F-11D3-BF4B-00C04F79EFBC}") = "Faculty.Logger", "Faculty.Loger\Faculty.Logger.csproj", "{5B9E1394-A8D7-4057-B068-011696C2AB4A}"
EndProject
Project("{FAE04EC0-301F-11D3-BF4B-00C04F79EFBC}") = "Faculty.Tests", "Faculty.Tests\Faculty.Tests.csproj", "{D9BA403A-1719-4FF7-9A03-754FCE0EBD1B}"
EndProject
Global
	GlobalSection(SolutionConfigurationPlatforms) = preSolution
		Debug|Any CPU = Debug|Any CPU
		Release|Any CPU = Release|Any CPU
	EndGlobalSection
	GlobalSection(ProjectConfigurationPlatforms) = postSolution
		{D81BDB8D-703B-468F-9B34-CAC202BB4CBF}.Debug|Any CPU.ActiveCfg = Debug|Any CPU
		{D81BDB8D-703B-468F-9B34-CAC202BB4CBF}.Debug|Any CPU.Build.0 = Debug|Any CPU
		{D81BDB8D-703B-468F-9B34-CAC202BB4CBF}.Release|Any CPU.ActiveCfg = Release|Any CPU
		{D81BDB8D-703B-468F-9B34-CAC202BB4CBF}.Release|Any CPU.Build.0 = Release|Any CPU
		{B18393CA-E039-4CEC-9996-9225CF67951C}.Debug|Any CPU.ActiveCfg = Debug|Any CPU
		{B18393CA-E039-4CEC-9996-9225CF67951C}.Debug|Any CPU.Build.0 = Debug|Any CPU
		{B18393CA-E039-4CEC-9996-9225CF67951C}.Release|Any CPU.ActiveCfg = Release|Any CPU
		{B18393CA-E039-4CEC-9996-9225CF67951C}.Release|Any CPU.Build.0 = Release|Any CPU
		{E1D7FE45-BAB2-4BC2-AEE7-86BD98C39208}.Debug|Any CPU.ActiveCfg = Debug|Any CPU
		{E1D7FE45-BAB2-4BC2-AEE7-86BD98C39208}.Debug|Any CPU.Build.0 = Debug|Any CPU
		{E1D7FE45-BAB2-4BC2-AEE7-86BD98C39208}.Release|Any CPU.ActiveCfg = Release|Any CPU
		{E1D7FE45-BAB2-4BC2-AEE7-86BD98C39208}.Release|Any CPU.Build.0 = Release|Any CPU
		{5B9E1394-A8D7-4057-B068-011696C2AB4A}.Debug|Any CPU.ActiveCfg = Debug|Any CPU
		{5B9E1394-A8D7-4057-B068-011696C2AB4A}.Debug|Any CPU.Build.0 = Debug|Any CPU
		{5B9E1394-A8D7-4057-B068-011696C2AB4A}.Release|Any CPU.ActiveCfg = Release|Any CPU
		{5B9E1394-A8D7-4057-B068-011696C2AB4A}.Release|Any CPU.Build.0 = Release|Any CPU
		{D9BA403A-1719-4FF7-9A03-754FCE0EBD1B}.Debug|Any CPU.ActiveCfg = Debug|Any CPU
		{D9BA403A-1719-4FF7-9A03-754FCE0EBD1B}.Debug|Any CPU.Build.0 = Debug|Any CPU
		{D9BA403A-1719-4FF7-9A03-754FCE0EBD1B}.Release|Any CPU.ActiveCfg = Release|Any CPU
		{D9BA403A-1719-4FF7-9A03-754FCE0EBD1B}.Release|Any CPU.Build.0 = Release|Any CPU
	EndGlobalSection
	GlobalSection(SolutionProperties) = preSolution
		HideSolutionNode = FALSE
	EndGlobalSection
	GlobalSection(ExtensibilityGlobals) = postSolution
		SolutionGuid = {59CF4EC1-C647-4F67-8BE4-E3AFA5F91E06}
	EndGlobalSection
EndGlobal
